// !$*UTF8*$!
{
	archiveVersion = 1;
	classes = {
	};
	objectVersion = 50;
	objects = {

/* Begin PBXBuildFile section */
		9CB7DC5D234A57C2008AAED3 /* AppDelegate.swift in Sources */ = {isa = PBXBuildFile; fileRef = 9CB7DC5C234A57C2008AAED3 /* AppDelegate.swift */; };
		9CB7DC5F234A57C2008AAED3 /* ViewController.swift in Sources */ = {isa = PBXBuildFile; fileRef = 9CB7DC5E234A57C2008AAED3 /* ViewController.swift */; };
		9CB7DC62234A57C2008AAED3 /* Main.storyboard in Resources */ = {isa = PBXBuildFile; fileRef = 9CB7DC60234A57C2008AAED3 /* Main.storyboard */; };
		9CB7DC64234A57C6008AAED3 /* Assets.xcassets in Resources */ = {isa = PBXBuildFile; fileRef = 9CB7DC63234A57C6008AAED3 /* Assets.xcassets */; };
		9CB7DC67234A57C6008AAED3 /* LaunchScreen.storyboard in Resources */ = {isa = PBXBuildFile; fileRef = 9CB7DC65234A57C6008AAED3 /* LaunchScreen.storyboard */; };
		9CB7DC72234A57C6008AAED3 /* ProbaTests.swift in Sources */ = {isa = PBXBuildFile; fileRef = 9CB7DC71234A57C6008AAED3 /* ProbaTests.swift */; };
		9CB7DC7D234A57C6008AAED3 /* ProbaUITests.swift in Sources */ = {isa = PBXBuildFile; fileRef = 9CB7DC7C234A57C6008AAED3 /* ProbaUITests.swift */; };
/* End PBXBuildFile section */

/* Begin PBXContainerItemProxy section */
		9CB7DC6E234A57C6008AAED3 /* PBXContainerItemProxy */ = {
			isa = PBXContainerItemProxy;
			containerPortal = 9CB7DC51234A57C2008AAED3 /* Project object */;
			proxyType = 1;
			remoteGlobalIDString = 9CB7DC58234A57C2008AAED3;
			remoteInfo = Proba;
		};
		9CB7DC79234A57C6008AAED3 /* PBXContainerItemProxy */ = {
			isa = PBXContainerItemProxy;
			containerPortal = 9CB7DC51234A57C2008AAED3 /* Project object */;
			proxyType = 1;
			remoteGlobalIDString = 9CB7DC58234A57C2008AAED3;
			remoteInfo = Proba;
		};
/* End PBXContainerItemProxy section */

/* Begin PBXFileReference section */
		9CB7DC59234A57C2008AAED3 /* Proba.app */ = {isa = PBXFileReference; explicitFileType = wrapper.application; includeInIndex = 0; path = Proba.app; sourceTree = BUILT_PRODUCTS_DIR; };
		9CB7DC5C234A57C2008AAED3 /* AppDelegate.swift */ = {isa = PBXFileReference; lastKnownFileType = sourcecode.swift; path = AppDelegate.swift; sourceTree = "<group>"; };
		9CB7DC5E234A57C2008AAED3 /* ViewController.swift */ = {isa = PBXFileReference; lastKnownFileType = sourcecode.swift; path = ViewController.swift; sourceTree = "<group>"; };
		9CB7DC61234A57C2008AAED3 /* Base */ = {isa = PBXFileReference; lastKnownFileType = file.storyboard; name = Base; path = Base.lproj/Main.storyboard; sourceTree = "<group>"; };
		9CB7DC63234A57C6008AAED3 /* Assets.xcassets */ = {isa = PBXFileReference; lastKnownFileType = folder.assetcatalog; path = Assets.xcassets; sourceTree = "<group>"; };
		9CB7DC66234A57C6008AAED3 /* Base */ = {isa = PBXFileReference; lastKnownFileType = file.storyboard; name = Base; path = Base.lproj/LaunchScreen.storyboard; sourceTree = "<group>"; };
		9CB7DC68234A57C6008AAED3 /* Info.plist */ = {isa = PBXFileReference; lastKnownFileType = text.plist.xml; path = Info.plist; sourceTree = "<group>"; };
		9CB7DC6D234A57C6008AAED3 /* ProbaTests.xctest */ = {isa = PBXFileReference; explicitFileType = wrapper.cfbundle; includeInIndex = 0; path = ProbaTests.xctest; sourceTree = BUILT_PRODUCTS_DIR; };
		9CB7DC71234A57C6008AAED3 /* ProbaTests.swift */ = {isa = PBXFileReference; lastKnownFileType = sourcecode.swift; path = ProbaTests.swift; sourceTree = "<group>"; };
		9CB7DC73234A57C6008AAED3 /* Info.plist */ = {isa = PBXFileReference; lastKnownFileType = text.plist.xml; path = Info.plist; sourceTree = "<group>"; };
		9CB7DC78234A57C6008AAED3 /* ProbaUITests.xctest */ = {isa = PBXFileReference; explicitFileType = wrapper.cfbundle; includeInIndex = 0; path = ProbaUITests.xctest; sourceTree = BUILT_PRODUCTS_DIR; };
		9CB7DC7C234A57C6008AAED3 /* ProbaUITests.swift */ = {isa = PBXFileReference; lastKnownFileType = sourcecode.swift; path = ProbaUITests.swift; sourceTree = "<group>"; };
		9CB7DC7E234A57C6008AAED3 /* Info.plist */ = {isa = PBXFileReference; lastKnownFileType = text.plist.xml; path = Info.plist; sourceTree = "<group>"; };
/* End PBXFileReference section */

/* Begin PBXFrameworksBuildPhase section */
		9CB7DC56234A57C2008AAED3 /* Frameworks */ = {
			isa = PBXFrameworksBuildPhase;
			buildActionMask = 2147483647;
			files = (
			);
			runOnlyForDeploymentPostprocessing = 0;
		};
		9CB7DC6A234A57C6008AAED3 /* Frameworks */ = {
			isa = PBXFrameworksBuildPhase;
			buildActionMask = 2147483647;
			files = (
			);
			runOnlyForDeploymentPostprocessing = 0;
		};
		9CB7DC75234A57C6008AAED3 /* Frameworks */ = {
			isa = PBXFrameworksBuildPhase;
			buildActionMask = 2147483647;
			files = (
			);
			runOnlyForDeploymentPostprocessing = 0;
		};
/* End PBXFrameworksBuildPhase section */

/* Begin PBXGroup section */
		9CB7DC50234A57C2008AAED3 = {
			isa = PBXGroup;
			children = (
				9CB7DC5B234A57C2008AAED3 /* Proba */,
				9CB7DC70234A57C6008AAED3 /* ProbaTests */,
				9CB7DC7B234A57C6008AAED3 /* ProbaUITests */,
				9CB7DC5A234A57C2008AAED3 /* Products */,
			);
			sourceTree = "<group>";
		};
		9CB7DC5A234A57C2008AAED3 /* Products */ = {
			isa = PBXGroup;
			children = (
				9CB7DC59234A57C2008AAED3 /* Proba.app */,
				9CB7DC6D234A57C6008AAED3 /* ProbaTests.xctest */,
				9CB7DC78234A57C6008AAED3 /* ProbaUITests.xctest */,
			);
			name = Products;
			sourceTree = "<group>";
		};
		9CB7DC5B234A57C2008AAED3 /* Proba */ = {
			isa = PBXGroup;
			children = (
				9CB7DC5C234A57C2008AAED3 /* AppDelegate.swift */,
				9CB7DC5E234A57C2008AAED3 /* ViewController.swift */,
				9CB7DC60234A57C2008AAED3 /* Main.storyboard */,
				9CB7DC63234A57C6008AAED3 /* Assets.xcassets */,
				9CB7DC65234A57C6008AAED3 /* LaunchScreen.storyboard */,
				9CB7DC68234A57C6008AAED3 /* Info.plist */,
			);
			path = Proba;
			sourceTree = "<group>";
		};
		9CB7DC70234A57C6008AAED3 /* ProbaTests */ = {
			isa = PBXGroup;
			children = (
				9CB7DC71234A57C6008AAED3 /* ProbaTests.swift */,
				9CB7DC73234A57C6008AAED3 /* Info.plist */,
			);
			path = ProbaTests;
			sourceTree = "<group>";
		};
		9CB7DC7B234A57C6008AAED3 /* ProbaUITests */ = {
			isa = PBXGroup;
			children = (
				9CB7DC7C234A57C6008AAED3 /* ProbaUITests.swift */,
				9CB7DC7E234A57C6008AAED3 /* Info.plist */,
			);
			path = ProbaUITests;
			sourceTree = "<group>";
		};
/* End PBXGroup section */

/* Begin PBXNativeTarget section */
		9CB7DC58234A57C2008AAED3 /* Proba */ = {
			isa = PBXNativeTarget;
			buildConfigurationList = 9CB7DC81234A57C6008AAED3 /* Build configuration list for PBXNativeTarget "Proba" */;
			buildPhases = (
				9CB7DC55234A57C2008AAED3 /* Sources */,
				9CB7DC56234A57C2008AAED3 /* Frameworks */,
				9CB7DC57234A57C2008AAED3 /* Resources */,
			);
			buildRules = (
			);
			dependencies = (
			);
			name = Proba;
			productName = Proba;
			productReference = 9CB7DC59234A57C2008AAED3 /* Proba.app */;
			productType = "com.apple.product-type.application";
		};
		9CB7DC6C234A57C6008AAED3 /* ProbaTests */ = {
			isa = PBXNativeTarget;
			buildConfigurationList = 9CB7DC84234A57C6008AAED3 /* Build configuration list for PBXNativeTarget "ProbaTests" */;
			buildPhases = (
				9CB7DC69234A57C6008AAED3 /* Sources */,
				9CB7DC6A234A57C6008AAED3 /* Frameworks */,
				9CB7DC6B234A57C6008AAED3 /* Resources */,
			);
			buildRules = (
			);
			dependencies = (
				9CB7DC6F234A57C6008AAED3 /* PBXTargetDependency */,
			);
			name = ProbaTests;
			productName = ProbaTests;
			productReference = 9CB7DC6D234A57C6008AAED3 /* ProbaTests.xctest */;
			productType = "com.apple.product-type.bundle.unit-test";
		};
		9CB7DC77234A57C6008AAED3 /* ProbaUITests */ = {
			isa = PBXNativeTarget;
			buildConfigurationList = 9CB7DC87234A57C6008AAED3 /* Build configuration list for PBXNativeTarget "ProbaUITests" */;
			buildPhases = (
				9CB7DC74234A57C6008AAED3 /* Sources */,
				9CB7DC75234A57C6008AAED3 /* Frameworks */,
				9CB7DC76234A57C6008AAED3 /* Resources */,
			);
			buildRules = (
			);
			dependencies = (
				9CB7DC7A234A57C6008AAED3 /* PBXTargetDependency */,
			);
			name = ProbaUITests;
			productName = ProbaUITests;
			productReference = 9CB7DC78234A57C6008AAED3 /* ProbaUITests.xctest */;
			productType = "com.apple.product-type.bundle.ui-testing";
		};
/* End PBXNativeTarget section */

/* Begin PBXProject section */
		9CB7DC51234A57C2008AAED3 /* Project object */ = {
			isa = PBXProject;
			attributes = {
				LastSwiftUpdateCheck = 1010;
				LastUpgradeCheck = 1010;
				ORGANIZATIONNAME = "Go Easy";
				TargetAttributes = {
					9CB7DC58234A57C2008AAED3 = {
						CreatedOnToolsVersion = 10.1;
					};
					9CB7DC6C234A57C6008AAED3 = {
						CreatedOnToolsVersion = 10.1;
						TestTargetID = 9CB7DC58234A57C2008AAED3;
					};
					9CB7DC77234A57C6008AAED3 = {
						CreatedOnToolsVersion = 10.1;
						TestTargetID = 9CB7DC58234A57C2008AAED3;
					};
				};
			};
			buildConfigurationList = 9CB7DC54234A57C2008AAED3 /* Build configuration list for PBXProject "Proba" */;
			compatibilityVersion = "Xcode 9.3";
			developmentRegion = en;
			hasScannedForEncodings = 0;
			knownRegions = (
				en,
				Base,
			);
			mainGroup = 9CB7DC50234A57C2008AAED3;
			productRefGroup = 9CB7DC5A234A57C2008AAED3 /* Products */;
			projectDirPath = "";
			projectRoot = "";
			targets = (
				9CB7DC58234A57C2008AAED3 /* Proba */,
				9CB7DC6C234A57C6008AAED3 /* ProbaTests */,
				9CB7DC77234A57C6008AAED3 /* ProbaUITests */,
			);
		};
/* End PBXProject section */

/* Begin PBXResourcesBuildPhase section */
		9CB7DC57234A57C2008AAED3 /* Resources */ = {
			isa = PBXResourcesBuildPhase;
			buildActionMask = 2147483647;
			files = (
				9CB7DC67234A57C6008AAED3 /* LaunchScreen.storyboard in Resources */,
				9CB7DC64234A57C6008AAED3 /* Assets.xcassets in Resources */,
				9CB7DC62234A57C2008AAED3 /* Main.storyboard in Resources */,
			);
			runOnlyForDeploymentPostprocessing = 0;
		};
		9CB7DC6B234A57C6008AAED3 /* Resources */ = {
			isa = PBXResourcesBuildPhase;
			buildActionMask = 2147483647;
			files = (
			);
			runOnlyForDeploymentPostprocessing = 0;
		};
		9CB7DC76234A57C6008AAED3 /* Resources */ = {
			isa = PBXResourcesBuildPhase;
			buildActionMask = 2147483647;
			files = (
			);
			runOnlyForDeploymentPostprocessing = 0;
		};
/* End PBXResourcesBuildPhase section */

/* Begin PBXSourcesBuildPhase section */
		9CB7DC55234A57C2008AAED3 /* Sources */ = {
			isa = PBXSourcesBuildPhase;
			buildActionMask = 2147483647;
			files = (
				9CB7DC5F234A57C2008AAED3 /* ViewController.swift in Sources */,
				9CB7DC5D234A57C2008AAED3 /* AppDelegate.swift in Sources */,
			);
			runOnlyForDeploymentPostprocessing = 0;
		};
		9CB7DC69234A57C6008AAED3 /* Sources */ = {
			isa = PBXSourcesBuildPhase;
			buildActionMask = 2147483647;
			files = (
				9CB7DC72234A57C6008AAED3 /* ProbaTests.swift in Sources */,
			);
			runOnlyForDeploymentPostprocessing = 0;
		};
		9CB7DC74234A57C6008AAED3 /* Sources */ = {
			isa = PBXSourcesBuildPhase;
			buildActionMask = 2147483647;
			files = (
				9CB7DC7D234A57C6008AAED3 /* ProbaUITests.swift in Sources */,
			);
			runOnlyForDeploymentPostprocessing = 0;
		};
/* End PBXSourcesBuildPhase section */

/* Begin PBXTargetDependency section */
		9CB7DC6F234A57C6008AAED3 /* PBXTargetDependency */ = {
			isa = PBXTargetDependency;
			target = 9CB7DC58234A57C2008AAED3 /* Proba */;
			targetProxy = 9CB7DC6E234A57C6008AAED3 /* PBXContainerItemProxy */;
		};
		9CB7DC7A234A57C6008AAED3 /* PBXTargetDependency */ = {
			isa = PBXTargetDependency;
			target = 9CB7DC58234A57C2008AAED3 /* Proba */;
			targetProxy = 9CB7DC79234A57C6008AAED3 /* PBXContainerItemProxy */;
		};
/* End PBXTargetDependency section */

/* Begin PBXVariantGroup section */
		9CB7DC60234A57C2008AAED3 /* Main.storyboard */ = {
			isa = PBXVariantGroup;
			children = (
				9CB7DC61234A57C2008AAED3 /* Base */,
			);
			name = Main.storyboard;
			sourceTree = "<group>";
		};
		9CB7DC65234A57C6008AAED3 /* LaunchScreen.storyboard */ = {
			isa = PBXVariantGroup;
			children = (
				9CB7DC66234A57C6008AAED3 /* Base */,
			);
			name = LaunchScreen.storyboard;
			sourceTree = "<group>";
		};
/* End PBXVariantGroup section */

/* Begin XCBuildConfiguration section */
		9CB7DC7F234A57C6008AAED3 /* Debug */ = {
			isa = XCBuildConfiguration;
			buildSettings = {
				ALWAYS_SEARCH_USER_PATHS = NO;
				CLANG_ANALYZER_NONNULL = YES;
				CLANG_ANALYZER_NUMBER_OBJECT_CONVERSION = YES_AGGRESSIVE;
				CLANG_CXX_LANGUAGE_STANDARD = "gnu++14";
				CLANG_CXX_LIBRARY = "libc++";
				CLANG_ENABLE_MODULES = YES;
				CLANG_ENABLE_OBJC_ARC = YES;
				CLANG_ENABLE_OBJC_WEAK = YES;
				CLANG_WARN_BLOCK_CAPTURE_AUTORELEASING = YES;
				CLANG_WARN_BOOL_CONVERSION = YES;
				CLANG_WARN_COMMA = YES;
				CLANG_WARN_CONSTANT_CONVERSION = YES;
				CLANG_WARN_DEPRECATED_OBJC_IMPLEMENTATIONS = YES;
				CLANG_WARN_DIRECT_OBJC_ISA_USAGE = YES_ERROR;
				CLANG_WARN_DOCUMENTATION_COMMENTS = YES;
				CLANG_WARN_EMPTY_BODY = YES;
				CLANG_WARN_ENUM_CONVERSION = YES;
				CLANG_WARN_INFINITE_RECURSION = YES;
				CLANG_WARN_INT_CONVERSION = YES;
				CLANG_WARN_NON_LITERAL_NULL_CONVERSION = YES;
				CLANG_WARN_OBJC_IMPLICIT_RETAIN_SELF = YES;
				CLANG_WARN_OBJC_LITERAL_CONVERSION = YES;
				CLANG_WARN_OBJC_ROOT_CLASS = YES_ERROR;
				CLANG_WARN_RANGE_LOOP_ANALYSIS = YES;
				CLANG_WARN_STRICT_PROTOTYPES = YES;
				CLANG_WARN_SUSPICIOUS_MOVE = YES;
				CLANG_WARN_UNGUARDED_AVAILABILITY = YES_AGGRESSIVE;
				CLANG_WARN_UNREACHABLE_CODE = YES;
				CLANG_WARN__DUPLICATE_METHOD_MATCH = YES;
				CODE_SIGN_IDENTITY = "iPhone Developer";
				COPY_PHASE_STRIP = NO;
				DEBUG_INFORMATION_FORMAT = dwarf;
				ENABLE_STRICT_OBJC_MSGSEND = YES;
				ENABLE_TESTABILITY = YES;
				GCC_C_LANGUAGE_STANDARD = gnu11;
				GCC_DYNAMIC_NO_PIC = NO;
				GCC_NO_COMMON_BLOCKS = YES;
				GCC_OPTIMIZATION_LEVEL = 0;
				GCC_PREPROCESSOR_DEFINITIONS = (
					"DEBUG=1",
					"$(inherited)",
				);
				GCC_WARN_64_TO_32_BIT_CONVERSION = YES;
				GCC_WARN_ABOUT_RETURN_TYPE = YES_ERROR;
				GCC_WARN_UNDECLARED_SELECTOR = YES;
				GCC_WARN_UNINITIALIZED_AUTOS = YES_AGGRESSIVE;
				GCC_WARN_UNUSED_FUNCTION = YES;
				GCC_WARN_UNUSED_VARIABLE = YES;
				IPHONEOS_DEPLOYMENT_TARGET = 12.1;
				MTL_ENABLE_DEBUG_INFO = INCLUDE_SOURCE;
				MTL_FAST_MATH = YES;
				ONLY_ACTIVE_ARCH = YES;
				SDKROOT = iphoneos;
				SWIFT_ACTIVE_COMPILATION_CONDITIONS = DEBUG;
				SWIFT_OPTIMIZATION_LEVEL = "-Onone";
			};
			name = Debug;
		};
		9CB7DC80234A57C6008AAED3 /* Release */ = {
			isa = XCBuildConfiguration;
			buildSettings = {
				ALWAYS_SEARCH_USER_PATHS = NO;
				CLANG_ANALYZER_NONNULL = YES;
				CLANG_ANALYZER_NUMBER_OBJECT_CONVERSION = YES_AGGRESSIVE;
				CLANG_CXX_LANGUAGE_STANDARD = "gnu++14";
				CLANG_CXX_LIBRARY = "libc++";
				CLANG_ENABLE_MODULES = YES;
				CLANG_ENABLE_OBJC_ARC = YES;
				CLANG_ENABLE_OBJC_WEAK = YES;
				CLANG_WARN_BLOCK_CAPTURE_AUTORELEASING = YES;
				CLANG_WARN_BOOL_CONVERSION = YES;
				CLANG_WARN_COMMA = YES;
				CLANG_WARN_CONSTANT_CONVERSION = YES;
				CLANG_WARN_DEPRECATED_OBJC_IMPLEMENTATIONS = YES;
				CLANG_WARN_DIRECT_OBJC_ISA_USAGE = YES_ERROR;
				CLANG_WARN_DOCUMENTATION_COMMENTS = YES;
				CLANG_WARN_EMPTY_BODY = YES;
				CLANG_WARN_ENUM_CONVERSION = YES;
				CLANG_WARN_INFINITE_RECURSION = YES;
				CLANG_WARN_INT_CONVERSION = YES;
				CLANG_WARN_NON_LITERAL_NULL_CONVERSION = YES;
				CLANG_WARN_OBJC_IMPLICIT_RETAIN_SELF = YES;
				CLANG_WARN_OBJC_LITERAL_CONVERSION = YES;
				CLANG_WARN_OBJC_ROOT_CLASS = YES_ERROR;
				CLANG_WARN_RANGE_LOOP_ANALYSIS = YES;
				CLANG_WARN_STRICT_PROTOTYPES = YES;
				CLANG_WARN_SUSPICIOUS_MOVE = YES;
				CLANG_WARN_UNGUARDED_AVAILABILITY = YES_AGGRESSIVE;
				CLANG_WARN_UNREACHABLE_CODE = YES;
				CLANG_WARN__DUPLICATE_METHOD_MATCH = YES;
				CODE_SIGN_IDENTITY = "iPhone Developer";
				COPY_PHASE_STRIP = NO;
				DEBUG_INFORMATION_FORMAT = "dwarf-with-dsym";
				ENABLE_NS_ASSERTIONS = NO;
				ENABLE_STRICT_OBJC_MSGSEND = YES;
				GCC_C_LANGUAGE_STANDARD = gnu11;
				GCC_NO_COMMON_BLOCKS = YES;
				GCC_WARN_64_TO_32_BIT_CONVERSION = YES;
				GCC_WARN_ABOUT_RETURN_TYPE = YES_ERROR;
				GCC_WARN_UNDECLARED_SELECTOR = YES;
				GCC_WARN_UNINITIALIZED_AUTOS = YES_AGGRESSIVE;
				GCC_WARN_UNUSED_FUNCTION = YES;
				GCC_WARN_UNUSED_VARIABLE = YES;
				IPHONEOS_DEPLOYMENT_TARGET = 12.1;
				MTL_ENABLE_DEBUG_INFO = NO;
				MTL_FAST_MATH = YES;
				SDKROOT = iphoneos;
				SWIFT_COMPILATION_MODE = wholemodule;
				SWIFT_OPTIMIZATION_LEVEL = "-O";
				VALIDATE_PRODUCT = YES;
			};
			name = Release;
		};
		9CB7DC82234A57C6008AAED3 /* Debug */ = {
			isa = XCBuildConfiguration;
			buildSettings = {
				ASSETCATALOG_COMPILER_APPICON_NAME = AppIcon;
				CODE_SIGN_STYLE = Automatic;
				DEVELOPMENT_TEAM = KKKNYZ9GRL;
				INFOPLIST_FILE = Proba/Info.plist;
				IPHONEOS_DEPLOYMENT_TARGET = 11.2;
				LD_RUNPATH_SEARCH_PATHS = (
					"$(inherited)",
					"@executable_path/Frameworks",
				);
				PRODUCT_BUNDLE_IDENTIFIER = bg.Proba;
				PRODUCT_NAME = "$(TARGET_NAME)";
				SWIFT_VERSION = 4.2;
				TARGETED_DEVICE_FAMILY = "1,2";
			};
			name = Debug;
		};
		9CB7DC83234A57C6008AAED3 /* Release */ = {
			isa = XCBuildConfiguration;
			buildSettings = {
				ASSETCATALOG_COMPILER_APPICON_NAME = AppIcon;
				CODE_SIGN_STYLE = Automatic;
				DEVELOPMENT_TEAM = KKKNYZ9GRL;
				INFOPLIST_FILE = Proba/Info.plist;
				IPHONEOS_DEPLOYMENT_TARGET = 11.2;
				LD_RUNPATH_SEARCH_PATHS = (
					"$(inherited)",
					"@executable_path/Frameworks",
				);
				PRODUCT_BUNDLE_IDENTIFIER = bg.Proba;
				PRODUCT_NAME = "$(TARGET_NAME)";
				SWIFT_VERSION = 4.2;
				TARGETED_DEVICE_FAMILY = "1,2";
			};
			name = Release;
		};
		9CB7DC85234A57C6008AAED3 /* Debug */ = {
			isa = XCBuildConfiguration;
			buildSettings = {
				ALWAYS_EMBED_SWIFT_STANDARD_LIBRARIES = YES;
				BUNDLE_LOADER = "$(TEST_HOST)";
				CODE_SIGN_STYLE = Automatic;
				DEVELOPMENT_TEAM = KKKNYZ9GRL;
				INFOPLIST_FILE = ProbaTests/Info.plist;
				LD_RUNPATH_SEARCH_PATHS = (
					"$(inherited)",
					"@executable_path/Frameworks",
					"@loader_path/Frameworks",
				);
				PRODUCT_BUNDLE_IDENTIFIER = bg.ProbaTests;
				PRODUCT_NAME = "$(TARGET_NAME)";
				SWIFT_VERSION = 4.2;
				TARGETED_DEVICE_FAMILY = "1,2";
				TEST_HOST = "$(BUILT_PRODUCTS_DIR)/Proba.app/Proba";
			};
			name = Debug;
		};
		9CB7DC86234A57C6008AAED3 /* Release */ = {
			isa = XCBuildConfiguration;
			buildSettings = {
				ALWAYS_EMBED_SWIFT_STANDARD_LIBRARIES = YES;
				BUNDLE_LOADER = "$(TEST_HOST)";
				CODE_SIGN_STYLE = Automatic;
				DEVELOPMENT_TEAM = KKKNYZ9GRL;
				INFOPLIST_FILE = ProbaTests/Info.plist;
				LD_RUNPATH_SEARCH_PATHS = (
					"$(inherited)",
					"@executable_path/Frameworks",
					"@loader_path/Frameworks",
				);
				PRODUCT_BUNDLE_IDENTIFIER = bg.ProbaTests;
				PRODUCT_NAME = "$(TARGET_NAME)";
				SWIFT_VERSION = 4.2;
				TARGETED_DEVICE_FAMILY = "1,2";
				TEST_HOST = "$(BUILT_PRODUCTS_DIR)/Proba.app/Proba";
			};
			name = Release;
		};
		9CB7DC88234A57C6008AAED3 /* Debug */ = {
			isa = XCBuildConfiguration;
			buildSettings = {
				ALWAYS_EMBED_SWIFT_STANDARD_LIBRARIES = YES;
				CODE_SIGN_STYLE = Automatic;
				DEVELOPMENT_TEAM = KKKNYZ9GRL;
				INFOPLIST_FILE = ProbaUITests/Info.plist;
				LD_RUNPATH_SEARCH_PATHS = (
					"$(inherited)",
					"@executable_path/Frameworks",
					"@loader_path/Frameworks",
				);
				PRODUCT_BUNDLE_IDENTIFIER = bg.ProbaUITests;
				PRODUCT_NAME = "$(TARGET_NAME)";
				SWIFT_VERSION = 4.2;
				TARGETED_DEVICE_FAMILY = "1,2";
				TEST_TARGET_NAME = Proba;
			};
			name = Debug;
		};
		9CB7DC89234A57C6008AAED3 /* Release */ = {
			isa = XCBuildConfiguration;
			buildSettings = {
				ALWAYS_EMBED_SWIFT_STANDARD_LIBRARIES = YES;
				CODE_SIGN_STYLE = Automatic;
				DEVELOPMENT_TEAM = KKKNYZ9GRL;
				INFOPLIST_FILE = ProbaUITests/Info.plist;
				LD_RUNPATH_SEARCH_PATHS = (
					"$(inherited)",
					"@executable_path/Frameworks",
					"@loader_path/Frameworks",
				);
				PRODUCT_BUNDLE_IDENTIFIER = bg.ProbaUITests;
				PRODUCT_NAME = "$(TARGET_NAME)";
				SWIFT_VERSION = 4.2;
				TARGETED_DEVICE_FAMILY = "1,2";
				TEST_TARGET_NAME = Proba;
			};
			name = Release;
		};
/* End XCBuildConfiguration section */

/* Begin XCConfigurationList section */
		9CB7DC54234A57C2008AAED3 /* Build configuration list for PBXProject "Proba" */ = {
			isa = XCConfigurationList;
			buildConfigurations = (
				9CB7DC7F234A57C6008AAED3 /* Debug */,
				9CB7DC80234A57C6008AAED3 /* Release */,
			);
			defaultConfigurationIsVisible = 0;
			defaultConfigurationName = Release;
		};
		9CB7DC81234A57C6008AAED3 /* Build configuration list for PBXNativeTarget "Proba" */ = {
			isa = XCConfigurationList;
			buildConfigurations = (
				9CB7DC82234A57C6008AAED3 /* Debug */,
				9CB7DC83234A57C6008AAED3 /* Release */,
			);
			defaultConfigurationIsVisible = 0;
			defaultConfigurationName = Release;
		};
		9CB7DC84234A57C6008AAED3 /* Build configuration list for PBXNativeTarget "ProbaTests" */ = {
			isa = XCConfigurationList;
			buildConfigurations = (
				9CB7DC85234A57C6008AAED3 /* Debug */,
				9CB7DC86234A57C6008AAED3 /* Release */,
			);
			defaultConfigurationIsVisible = 0;
			defaultConfigurationName = Release;
		};
		9CB7DC87234A57C6008AAED3 /* Build configuration list for PBXNativeTarget "ProbaUITests" */ = {
			isa = XCConfigurationList;
			buildConfigurations = (
				9CB7DC88234A57C6008AAED3 /* Debug */,
				9CB7DC89234A57C6008AAED3 /* Release */,
			);
			defaultConfigurationIsVisible = 0;
			defaultConfigurationName = Release;
		};
/* End XCConfigurationList section */
	};
	rootObject = 9CB7DC51234A57C2008AAED3 /* Project object */;
}
